{
  "name": "h5wasm-plugins",
  "version": "0.0.3",
  "lockfileVersion": 3,
  "requires": true,
  "packages": {
    "": {
      "name": "h5wasm-plugins",
      "version": "0.0.3",
      "license": "ISC",
      "dependencies": {
        "h5wasm": "^0.6.10"
      }
    },
    "node_modules/h5wasm": {
      "version": "0.6.10",
      "resolved": "https://registry.npmjs.org/h5wasm/-/h5wasm-0.6.10.tgz",
      "integrity": "sha512-GxBWGVxBftyq67kAbS4WPmTH3a8hGKigdMm+IVJ7tLY7BHj+nqDTUKO9RmmPBHy6Pvq5uW1YpIJr/oGanw+RyQ=="
    }
  }
}
