{
  "name": "h5wasm-plugins",
  "version": "0.1.1",
  "lockfileVersion": 3,
  "requires": true,
  "packages": {
    "": {
      "name": "h5wasm-plugins",
      "version": "0.1.1",
      "license": "ISC",
      "dependencies": {
        "h5wasm": "^0.8.7"
      }
    },
    "node_modules/h5wasm": {
      "version": "0.8.7",
      "resolved": "https://registry.npmjs.org/h5wasm/-/h5wasm-0.8.7.tgz",
      "integrity": "sha512-7TJKTSXnZobVZYSywEsy3PnIqTDsyIX8i/WNmtnL6it+K/2OLcjZAg0Fpx+LUjyc9L/HqmWD8qYBd0Nf/dYwZA==",
      "license": "SEE LICENSE IN LICENSE.txt"
    }
  }
}
