{
  "name": "h5wasm-plugins",
  "version": "0.0.2",
  "lockfileVersion": 3,
  "requires": true,
  "packages": {
    "": {
      "name": "h5wasm-plugins",
      "version": "0.0.2",
      "license": "ISC",
      "dependencies": {
        "h5wasm": "file:../h5wasm/h5wasm-0.6.9.tgz"
      }
    },
    "node_modules/h5wasm": {
      "version": "0.6.9",
      "resolved": "file:../h5wasm/h5wasm-0.6.9.tgz",
      "integrity": "sha512-yp7f/onMIvXoz5tm/sUypSvZYGo8wkMXlEoWjOuh44hVABZaSzA3wWxnSrbsZ06PNCA1SRjgmeD8J3lU+Ti9Jg==",
      "license": "SEE LICENSE IN LICENSE.txt"
    }
  }
}
